
Microsoft Visual Studio Solution File, Format Version 12.00
# Visual Studio Version 17
VisualStudioVersion = 17.4.33205.214
MinimumVisualStudioVersion = 10.0.40219.1
Project("{FAE04EC0-301F-11D3-BF4B-00C04F79EFBC}") = "MusicStore", "MusicStore\MusicStore.csproj", "{68811E9A-FA8C-4EF7-AA8F-14E8E0F40E38}"
EndProject
Global
	GlobalSection(SolutionConfigurationPlatforms) = preSolution
		Debug|Any CPU = Debug|Any CPU
		Release|Any CPU = Release|Any CPU
	EndGlobalSection
	GlobalSection(ProjectConfigurationPlatforms) = postSolution
		{68811E9A-FA8C-4EF7-AA8F-14E8E0F40E38}.Debug|Any CPU.ActiveCfg = Debug|Any CPU
		{68811E9A-FA8C-4EF7-AA8F-14E8E0F40E38}.Debug|Any CPU.Build.0 = Debug|Any CPU
		{68811E9A-FA8C-4EF7-AA8F-14E8E0F40E38}.Release|Any CPU.ActiveCfg = Release|Any CPU
		{68811E9A-FA8C-4EF7-AA8F-14E8E0F40E38}.Release|Any CPU.Build.0 = Release|Any CPU
	EndGlobalSection
	GlobalSection(SolutionProperties) = preSolution
		HideSolutionNode = FALSE
	EndGlobalSection
	GlobalSection(ExtensibilityGlobals) = postSolution
		SolutionGuid = {21D68328-33CC-4EFA-80C0-6D82446A3391}
	EndGlobalSection
EndGlobal
